
Microsoft Visual Studio Solution File, Format Version 12.00
# Visual Studio Version 17
VisualStudioVersion = 17.0.31903.59
MinimumVisualStudioVersion = 10.0.40219.1
Project("{9A19103F-16F7-4668-BE54-9A1E7A4F7556}") = "SlnUp", "src\SlnUp\SlnUp.csproj", "{C819801C-2A78-4266-A7FB-317CC5BEF495}"
EndProject
Project("{2150E333-8FDC-42A3-9474-1A3956D46DE8}") = "Tests", "Tests", "{E392EF9F-8A64-4B8D-AC44-6E760ED65348}"
EndProject
Project("{9A19103F-16F7-4668-BE54-9A1E7A4F7556}") = "SlnUp.Tests", "tests\SlnUp.Tests\SlnUp.Tests.csproj", "{55B7C584-3CCA-4E99-B2F0-DEB7B47148D6}"
EndProject
Project("{2150E333-8FDC-42A3-9474-1A3956D46DE8}") = "Solution Items", "Solution Items", "{05A480CD-9D37-4CC7-8B9B-8418B6B413AA}"
	ProjectSection(SolutionItems) = preProject
		.editorconfig = .editorconfig
		.gitattributes = .gitattributes
		.gitignore = .gitignore
		Directory.Build.props = Directory.Build.props
		Directory.Build.targets = Directory.Build.targets
		global.json = global.json
		nuget.config = nuget.config
		Packages.props = Packages.props
		README.md = README.md
		version.json = version.json
	EndProjectSection
EndProject
Project("{2150E333-8FDC-42A3-9474-1A3956D46DE8}") = "Tools", "Tools", "{13BEBBDD-8976-428C-96C9-6CA1BDD70AC4}"
EndProject
Project("{9A19103F-16F7-4668-BE54-9A1E7A4F7556}") = "VisualStudio.VersionScraper", "src\VisualStudio.VersionScraper\VisualStudio.VersionScraper.csproj", "{7C64E9F4-5558-4C6E-95D8-8756185D0017}"
EndProject
Project("{9A19103F-16F7-4668-BE54-9A1E7A4F7556}") = "SlnUp.Core", "src\SlnUp.Core\SlnUp.Core.csproj", "{2D0B8972-41BD-4530-9495-9DF5E60FB1CF}"
EndProject
Project("{9A19103F-16F7-4668-BE54-9A1E7A4F7556}") = "SlnUp.Core.Tests", "tests\SlnUp.Core.Tests\SlnUp.Core.Tests.csproj", "{F39C69B9-BAE2-499C-B9C4-864F4E5341ED}"
EndProject
Project("{9A19103F-16F7-4668-BE54-9A1E7A4F7556}") = "SlnUp.TestLibrary", "tests\SlnUp.TestLibrary\SlnUp.TestLibrary.csproj", "{CB0DCF5C-167B-42AC-BF07-97FDAA739B27}"
EndProject
Project("{2150E333-8FDC-42A3-9474-1A3956D46DE8}") = "Tests", "Tests", "{55C166C6-AA31-4FC2-AE0B-1A2C08803AEC}"
	ProjectSection(SolutionItems) = preProject
		tests\.editorconfig = tests\.editorconfig
	EndProjectSection
EndProject
Project("{FAE04EC0-301F-11D3-BF4B-00C04F79EFBC}") = "SlnUp.Json", "src\SlnUp.Json\SlnUp.Json.csproj", "{E36BA407-6D12-440A-8286-B1C718CF15B3}"
EndProject
Project("{FAE04EC0-301F-11D3-BF4B-00C04F79EFBC}") = "SlnUp.Json.Tests", "tests\SlnUp.Json.Tests\SlnUp.Json.Tests.csproj", "{80A1C405-1105-4E88-96FF-877D8F9F0495}"
EndProject
Global
	GlobalSection(SolutionConfigurationPlatforms) = preSolution
		Debug|Any CPU = Debug|Any CPU
		Release|Any CPU = Release|Any CPU
	EndGlobalSection
	GlobalSection(ProjectConfigurationPlatforms) = postSolution
		{C819801C-2A78-4266-A7FB-317CC5BEF495}.Debug|Any CPU.ActiveCfg = Debug|Any CPU
		{C819801C-2A78-4266-A7FB-317CC5BEF495}.Debug|Any CPU.Build.0 = Debug|Any CPU
		{C819801C-2A78-4266-A7FB-317CC5BEF495}.Release|Any CPU.ActiveCfg = Release|Any CPU
		{C819801C-2A78-4266-A7FB-317CC5BEF495}.Release|Any CPU.Build.0 = Release|Any CPU
		{55B7C584-3CCA-4E99-B2F0-DEB7B47148D6}.Debug|Any CPU.ActiveCfg = Debug|Any CPU
		{55B7C584-3CCA-4E99-B2F0-DEB7B47148D6}.Debug|Any CPU.Build.0 = Debug|Any CPU
		{55B7C584-3CCA-4E99-B2F0-DEB7B47148D6}.Release|Any CPU.ActiveCfg = Release|Any CPU
		{55B7C584-3CCA-4E99-B2F0-DEB7B47148D6}.Release|Any CPU.Build.0 = Release|Any CPU
		{7C64E9F4-5558-4C6E-95D8-8756185D0017}.Debug|Any CPU.ActiveCfg = Debug|Any CPU
		{7C64E9F4-5558-4C6E-95D8-8756185D0017}.Debug|Any CPU.Build.0 = Debug|Any CPU
		{7C64E9F4-5558-4C6E-95D8-8756185D0017}.Release|Any CPU.ActiveCfg = Release|Any CPU
		{7C64E9F4-5558-4C6E-95D8-8756185D0017}.Release|Any CPU.Build.0 = Release|Any CPU
		{2D0B8972-41BD-4530-9495-9DF5E60FB1CF}.Debug|Any CPU.ActiveCfg = Debug|Any CPU
		{2D0B8972-41BD-4530-9495-9DF5E60FB1CF}.Debug|Any CPU.Build.0 = Debug|Any CPU
		{2D0B8972-41BD-4530-9495-9DF5E60FB1CF}.Release|Any CPU.ActiveCfg = Release|Any CPU
		{2D0B8972-41BD-4530-9495-9DF5E60FB1CF}.Release|Any CPU.Build.0 = Release|Any CPU
		{F39C69B9-BAE2-499C-B9C4-864F4E5341ED}.Debug|Any CPU.ActiveCfg = Debug|Any CPU
		{F39C69B9-BAE2-499C-B9C4-864F4E5341ED}.Debug|Any CPU.Build.0 = Debug|Any CPU
		{F39C69B9-BAE2-499C-B9C4-864F4E5341ED}.Release|Any CPU.ActiveCfg = Release|Any CPU
		{F39C69B9-BAE2-499C-B9C4-864F4E5341ED}.Release|Any CPU.Build.0 = Release|Any CPU
		{CB0DCF5C-167B-42AC-BF07-97FDAA739B27}.Debug|Any CPU.ActiveCfg = Debug|Any CPU
		{CB0DCF5C-167B-42AC-BF07-97FDAA739B27}.Debug|Any CPU.Build.0 = Debug|Any CPU
		{CB0DCF5C-167B-42AC-BF07-97FDAA739B27}.Release|Any CPU.ActiveCfg = Release|Any CPU
		{CB0DCF5C-167B-42AC-BF07-97FDAA739B27}.Release|Any CPU.Build.0 = Release|Any CPU
		{E36BA407-6D12-440A-8286-B1C718CF15B3}.Debug|Any CPU.ActiveCfg = Debug|Any CPU
		{E36BA407-6D12-440A-8286-B1C718CF15B3}.Debug|Any CPU.Build.0 = Debug|Any CPU
		{E36BA407-6D12-440A-8286-B1C718CF15B3}.Release|Any CPU.ActiveCfg = Release|Any CPU
		{E36BA407-6D12-440A-8286-B1C718CF15B3}.Release|Any CPU.Build.0 = Release|Any CPU
		{80A1C405-1105-4E88-96FF-877D8F9F0495}.Debug|Any CPU.ActiveCfg = Debug|Any CPU
		{80A1C405-1105-4E88-96FF-877D8F9F0495}.Debug|Any CPU.Build.0 = Debug|Any CPU
		{80A1C405-1105-4E88-96FF-877D8F9F0495}.Release|Any CPU.ActiveCfg = Release|Any CPU
		{80A1C405-1105-4E88-96FF-877D8F9F0495}.Release|Any CPU.Build.0 = Release|Any CPU
	EndGlobalSection
	GlobalSection(SolutionProperties) = preSolution
		HideSolutionNode = FALSE
	EndGlobalSection
	GlobalSection(NestedProjects) = preSolution
		{55B7C584-3CCA-4E99-B2F0-DEB7B47148D6} = {E392EF9F-8A64-4B8D-AC44-6E760ED65348}
		{7C64E9F4-5558-4C6E-95D8-8756185D0017} = {13BEBBDD-8976-428C-96C9-6CA1BDD70AC4}
		{F39C69B9-BAE2-499C-B9C4-864F4E5341ED} = {E392EF9F-8A64-4B8D-AC44-6E760ED65348}
		{CB0DCF5C-167B-42AC-BF07-97FDAA739B27} = {E392EF9F-8A64-4B8D-AC44-6E760ED65348}
		{55C166C6-AA31-4FC2-AE0B-1A2C08803AEC} = {05A480CD-9D37-4CC7-8B9B-8418B6B413AA}
		{80A1C405-1105-4E88-96FF-877D8F9F0495} = {E392EF9F-8A64-4B8D-AC44-6E760ED65348}
	EndGlobalSection
	GlobalSection(ExtensibilityGlobals) = postSolution
		SolutionGuid = {077C9799-D020-472A-A37B-BCDDD2AF3641}
	EndGlobalSection
EndGlobal
